
Microsoft Visual Studio Solution File, Format Version 12.00
# Visual Studio Version 17
VisualStudioVersion = 17.7.34202.233
MinimumVisualStudioVersion = 10.0.40219.1
Project("{FAE04EC0-301F-11D3-BF4B-00C04F79EFBC}") = "WEBAPI", "WEBAPI\WEBAPI.csproj", "{38D68D51-2D0A-4F6E-8E51-FB6DF6564B00}"
EndProject
Global
	GlobalSection(SolutionConfigurationPlatforms) = preSolution
		Debug|Any CPU = Debug|Any CPU
		Release|Any CPU = Release|Any CPU
	EndGlobalSection
	GlobalSection(ProjectConfigurationPlatforms) = postSolution
		{38D68D51-2D0A-4F6E-8E51-FB6DF6564B00}.Debug|Any CPU.ActiveCfg = Debug|Any CPU
		{38D68D51-2D0A-4F6E-8E51-FB6DF6564B00}.Debug|Any CPU.Build.0 = Debug|Any CPU
		{38D68D51-2D0A-4F6E-8E51-FB6DF6564B00}.Release|Any CPU.ActiveCfg = Release|Any CPU
		{38D68D51-2D0A-4F6E-8E51-FB6DF6564B00}.Release|Any CPU.Build.0 = Release|Any CPU
	EndGlobalSection
	GlobalSection(SolutionProperties) = preSolution
		HideSolutionNode = FALSE
	EndGlobalSection
	GlobalSection(ExtensibilityGlobals) = postSolution
		SolutionGuid = {1D649563-CE1D-4721-98D1-4A1FA71F1C21}
	EndGlobalSection
EndGlobal
